release:
  id: driving-the-clock
  slug: driving-the-clock
  title: Driving The Clock
  artist_id: pcbender
  model: song
  release_type: single
  status: staged
  release_date: '2025-09-09'
  label: null
  publisher: null
  upc: 057829546295
  catalog_number: null
  cover_image: site/public/assets/releases/driving-the-clock/cover.jpg
  hero_image: null
  summary: ''
  description: ''
  credits:
    primary_artist: PCBender
    songwriter: Michael Anthony Rose
    lyrics: Michael Anthony Rose
    producer: null
    mastering: null
  links:
    spotify: https://open.spotify.com/album/5QGLpVpe2gIRHXKlUPnt1v
    apple_music: https://music.apple.com/us/album/driving-the-clock-single/1838784259
    youtube: https://www.youtube.com/watch?v=thM2Oo_oPes
    youtube_music: https://music.youtube.com/watch?v=thM2Oo_oPes
  seo:
    title: Driving The Clock by PCBender
    description: Driving The Clock by PCBender on Maricopa Records.
  automation:
    allow_auto_publish: false
  song:
    number: 1
    title: Driving The Clock
    slug: driving-the-clock
    isrc: CBEYJ2548314
    duration: '4:20'
    explicit: false
    preview_audio: null
    instrumental: false
    lyrics_text: 'Driving the clock through invisible streets

      hands without numbers, faces without heat

      The gears are illusions, the seconds deceive

      And what we call time is the cage we can’t see


      Am I driving the clock, or is the clock driving me

      Am I steering the hands, or the hands steering me

      And if there’s no clock, only measure and mind-

      then who is it binding, and what then is time


      Chimes without rhythm, a chaos of bells

      ringing the fiction the silence compels

      The tick is a fiction, the tock is a chain

      yet both are demanding-the rules of the game


      Am I driving the clock, or is the clock driving me

      Am I steering the hands, or the hands steering me

      And if there’s no clock, only measure and mind-

      then who is it binding, and what then is time


      Clockwork dissolves in the pulse of a dream

      unwinding the hours, unspooling the scheme


      Am I driving the clock, or is the clock driving me

      Am I steering the hands, or the hands steering me

      And if there’s no clock, only measure and mind-

      then who is it binding, and what then is time


      Copyright © 2025 Maricopa Records'
    lyrics_source: https://docs.google.com/document/d/1Dx0jp8wXLH0gCwpBrvtWdl8A0739c0QZeg6mZhwbDqs/edit
